// !$*UTF8*$!
{
	archiveVersion = 1;
	classes = {
	};
	objectVersion = 56;
	objects = {

/* Begin PBXBuildFile section */
		982857162DA0DF0E00770B45 /* LifeApp.swift in Sources */ = {isa = PBXBuildFile; fileRef = 982857152DA0DF0E00770B45 /* LifeApp.swift */; };
		982857182DA0DF0E00770B45 /* ContentView.swift in Sources */ = {isa = PBXBuildFile; fileRef = 982857172DA0DF0E00770B45 /* ContentView.swift */; };
		9828571A2DA0DF0F00770B45 /* Assets.xcassets in Resources */ = {isa = PBXBuildFile; fileRef = 982857192DA0DF0F00770B45 /* Assets.xcassets */; };
		9828571D2DA0DF0F00770B45 /* Preview Assets.xcassets in Resources */ = {isa = PBXBuildFile; fileRef = 9828571C2DA0DF0F00770B45 /* Preview Assets.xcassets */; };
		982857272DA0DF0F00770B45 /* LifeTests.swift in Sources */ = {isa = PBXBuildFile; fileRef = 982857262DA0DF0F00770B45 /* LifeTests.swift */; };
		982857312DA0DF0F00770B45 /* LifeUITests.swift in Sources */ = {isa = PBXBuildFile; fileRef = 982857302DA0DF0F00770B45 /* LifeUITests.swift */; };
		982857332DA0DF0F00770B45 /* LifeUITestsLaunchTests.swift in Sources */ = {isa = PBXBuildFile; fileRef = 982857322DA0DF0F00770B45 /* LifeUITestsLaunchTests.swift */; };
/* End PBXBuildFile section */

/* Begin PBXContainerItemProxy section */
		982857232DA0DF0F00770B45 /* PBXContainerItemProxy */ = {
			isa = PBXContainerItemProxy;
			containerPortal = 9828570A2DA0DF0E00770B45 /* Project object */;
			proxyType = 1;
			remoteGlobalIDString = 982857112DA0DF0E00770B45;
			remoteInfo = Life;
		};
		9828572D2DA0DF0F00770B45 /* PBXContainerItemProxy */ = {
			isa = PBXContainerItemProxy;
			containerPortal = 9828570A2DA0DF0E00770B45 /* Project object */;
			proxyType = 1;
			remoteGlobalIDString = 982857112DA0DF0E00770B45;
			remoteInfo = Life;
		};
/* End PBXContainerItemProxy section */

/* Begin PBXFileReference section */
		982857122DA0DF0E00770B45 /* Life.app */ = {isa = PBXFileReference; explicitFileType = wrapper.application; includeInIndex = 0; path = Life.app; sourceTree = BUILT_PRODUCTS_DIR; };
		982857152DA0DF0E00770B45 /* LifeApp.swift */ = {isa = PBXFileReference; lastKnownFileType = sourcecode.swift; path = LifeApp.swift; sourceTree = "<group>"; };
		982857172DA0DF0E00770B45 /* ContentView.swift */ = {isa = PBXFileReference; lastKnownFileType = sourcecode.swift; path = ContentView.swift; sourceTree = "<group>"; };
		982857192DA0DF0F00770B45 /* Assets.xcassets */ = {isa = PBXFileReference; lastKnownFileType = folder.assetcatalog; path = Assets.xcassets; sourceTree = "<group>"; };
		9828571C2DA0DF0F00770B45 /* Preview Assets.xcassets */ = {isa = PBXFileReference; lastKnownFileType = folder.assetcatalog; path = "Preview Assets.xcassets"; sourceTree = "<group>"; };
		982857222DA0DF0F00770B45 /* LifeTests.xctest */ = {isa = PBXFileReference; explicitFileType = wrapper.cfbundle; includeInIndex = 0; path = LifeTests.xctest; sourceTree = BUILT_PRODUCTS_DIR; };
		982857262DA0DF0F00770B45 /* LifeTests.swift */ = {isa = PBXFileReference; lastKnownFileType = sourcecode.swift; path = LifeTests.swift; sourceTree = "<group>"; };
		9828572C2DA0DF0F00770B45 /* LifeUITests.xctest */ = {isa = PBXFileReference; explicitFileType = wrapper.cfbundle; includeInIndex = 0; path = LifeUITests.xctest; sourceTree = BUILT_PRODUCTS_DIR; };
		982857302DA0DF0F00770B45 /* LifeUITests.swift */ = {isa = PBXFileReference; lastKnownFileType = sourcecode.swift; path = LifeUITests.swift; sourceTree = "<group>"; };
		982857322DA0DF0F00770B45 /* LifeUITestsLaunchTests.swift */ = {isa = PBXFileReference; lastKnownFileType = sourcecode.swift; path = LifeUITestsLaunchTests.swift; sourceTree = "<group>"; };
/* End PBXFileReference section */

/* Begin PBXFrameworksBuildPhase section */
		9828570F2DA0DF0E00770B45 /* Frameworks */ = {
			isa = PBXFrameworksBuildPhase;
			buildActionMask = 2147483647;
			files = (
			);
			runOnlyForDeploymentPostprocessing = 0;
		};
		9828571F2DA0DF0F00770B45 /* Frameworks */ = {
			isa = PBXFrameworksBuildPhase;
			buildActionMask = 2147483647;
			files = (
			);
			runOnlyForDeploymentPostprocessing = 0;
		};
		982857292DA0DF0F00770B45 /* Frameworks */ = {
			isa = PBXFrameworksBuildPhase;
			buildActionMask = 2147483647;
			files = (
			);
			runOnlyForDeploymentPostprocessing = 0;
		};
/* End PBXFrameworksBuildPhase section */

/* Begin PBXGroup section */
		982857092DA0DF0E00770B45 = {
			isa = PBXGroup;
			children = (
				982857142DA0DF0E00770B45 /* Life */,
				982857252DA0DF0F00770B45 /* LifeTests */,
				9828572F2DA0DF0F00770B45 /* LifeUITests */,
				982857132DA0DF0E00770B45 /* Products */,
			);
			sourceTree = "<group>";
		};
		982857132DA0DF0E00770B45 /* Products */ = {
			isa = PBXGroup;
			children = (
				982857122DA0DF0E00770B45 /* Life.app */,
				982857222DA0DF0F00770B45 /* LifeTests.xctest */,
				9828572C2DA0DF0F00770B45 /* LifeUITests.xctest */,
			);
			name = Products;
			sourceTree = "<group>";
		};
		982857142DA0DF0E00770B45 /* Life */ = {
			isa = PBXGroup;
			children = (
				982857152DA0DF0E00770B45 /* LifeApp.swift */,
				982857172DA0DF0E00770B45 /* ContentView.swift */,
				982857192DA0DF0F00770B45 /* Assets.xcassets */,
				9828571B2DA0DF0F00770B45 /* Preview Content */,
			);
			path = Life;
			sourceTree = "<group>";
		};
		9828571B2DA0DF0F00770B45 /* Preview Content */ = {
			isa = PBXGroup;
			children = (
				9828571C2DA0DF0F00770B45 /* Preview Assets.xcassets */,
			);
			path = "Preview Content";
			sourceTree = "<group>";
		};
		982857252DA0DF0F00770B45 /* LifeTests */ = {
			isa = PBXGroup;
			children = (
				982857262DA0DF0F00770B45 /* LifeTests.swift */,
			);
			path = LifeTests;
			sourceTree = "<group>";
		};
		9828572F2DA0DF0F00770B45 /* LifeUITests */ = {
			isa = PBXGroup;
			children = (
				982857302DA0DF0F00770B45 /* LifeUITests.swift */,
				982857322DA0DF0F00770B45 /* LifeUITestsLaunchTests.swift */,
			);
			path = LifeUITests;
			sourceTree = "<group>";
		};
/* End PBXGroup section */

/* Begin PBXNativeTarget section */
		982857112DA0DF0E00770B45 /* Life */ = {
			isa = PBXNativeTarget;
			buildConfigurationList = 982857362DA0DF0F00770B45 /* Build configuration list for PBXNativeTarget "Life" */;
			buildPhases = (
				9828570E2DA0DF0E00770B45 /* Sources */,
				9828570F2DA0DF0E00770B45 /* Frameworks */,
				982857102DA0DF0E00770B45 /* Resources */,
			);
			buildRules = (
			);
			dependencies = (
			);
			name = Life;
			productName = Life;
			productReference = 982857122DA0DF0E00770B45 /* Life.app */;
			productType = "com.apple.product-type.application";
		};
		982857212DA0DF0F00770B45 /* LifeTests */ = {
			isa = PBXNativeTarget;
			buildConfigurationList = 982857392DA0DF0F00770B45 /* Build configuration list for PBXNativeTarget "LifeTests" */;
			buildPhases = (
				9828571E2DA0DF0F00770B45 /* Sources */,
				9828571F2DA0DF0F00770B45 /* Frameworks */,
				982857202DA0DF0F00770B45 /* Resources */,
			);
			buildRules = (
			);
			dependencies = (
				982857242DA0DF0F00770B45 /* PBXTargetDependency */,
			);
			name = LifeTests;
			productName = LifeTests;
			productReference = 982857222DA0DF0F00770B45 /* LifeTests.xctest */;
			productType = "com.apple.product-type.bundle.unit-test";
		};
		9828572B2DA0DF0F00770B45 /* LifeUITests */ = {
			isa = PBXNativeTarget;
			buildConfigurationList = 9828573C2DA0DF0F00770B45 /* Build configuration list for PBXNativeTarget "LifeUITests" */;
			buildPhases = (
				982857282DA0DF0F00770B45 /* Sources */,
				982857292DA0DF0F00770B45 /* Frameworks */,
				9828572A2DA0DF0F00770B45 /* Resources */,
			);
			buildRules = (
			);
			dependencies = (
				9828572E2DA0DF0F00770B45 /* PBXTargetDependency */,
			);
			name = LifeUITests;
			productName = LifeUITests;
			productReference = 9828572C2DA0DF0F00770B45 /* LifeUITests.xctest */;
			productType = "com.apple.product-type.bundle.ui-testing";
		};
/* End PBXNativeTarget section */

/* Begin PBXProject section */
		9828570A2DA0DF0E00770B45 /* Project object */ = {
			isa = PBXProject;
			attributes = {
				BuildIndependentTargetsInParallel = 1;
				LastSwiftUpdateCheck = 1540;
				LastUpgradeCheck = 1540;
				TargetAttributes = {
					982857112DA0DF0E00770B45 = {
						CreatedOnToolsVersion = 15.4;
					};
					982857212DA0DF0F00770B45 = {
						CreatedOnToolsVersion = 15.4;
						TestTargetID = 982857112DA0DF0E00770B45;
					};
					9828572B2DA0DF0F00770B45 = {
						CreatedOnToolsVersion = 15.4;
						TestTargetID = 982857112DA0DF0E00770B45;
					};
				};
			};
			buildConfigurationList = 9828570D2DA0DF0E00770B45 /* Build configuration list for PBXProject "Life" */;
			compatibilityVersion = "Xcode 14.0";
			developmentRegion = en;
			hasScannedForEncodings = 0;
			knownRegions = (
				en,
				Base,
			);
			mainGroup = 982857092DA0DF0E00770B45;
			productRefGroup = 982857132DA0DF0E00770B45 /* Products */;
			projectDirPath = "";
			projectRoot = "";
			targets = (
				982857112DA0DF0E00770B45 /* Life */,
				982857212DA0DF0F00770B45 /* LifeTests */,
				9828572B2DA0DF0F00770B45 /* LifeUITests */,
			);
		};
/* End PBXProject section */

/* Begin PBXResourcesBuildPhase section */
		982857102DA0DF0E00770B45 /* Resources */ = {
			isa = PBXResourcesBuildPhase;
			buildActionMask = 2147483647;
			files = (
				9828571D2DA0DF0F00770B45 /* Preview Assets.xcassets in Resources */,
				9828571A2DA0DF0F00770B45 /* Assets.xcassets in Resources */,
			);
			runOnlyForDeploymentPostprocessing = 0;
		};
		982857202DA0DF0F00770B45 /* Resources */ = {
			isa = PBXResourcesBuildPhase;
			buildActionMask = 2147483647;
			files = (
			);
			runOnlyForDeploymentPostprocessing = 0;
		};
		9828572A2DA0DF0F00770B45 /* Resources */ = {
			isa = PBXResourcesBuildPhase;
			buildActionMask = 2147483647;
			files = (
			);
			runOnlyForDeploymentPostprocessing = 0;
		};
/* End PBXResourcesBuildPhase section */

/* Begin PBXSourcesBuildPhase section */
		9828570E2DA0DF0E00770B45 /* Sources */ = {
			isa = PBXSourcesBuildPhase;
			buildActionMask = 2147483647;
			files = (
				982857182DA0DF0E00770B45 /* ContentView.swift in Sources */,
				982857162DA0DF0E00770B45 /* LifeApp.swift in Sources */,
			);
			runOnlyForDeploymentPostprocessing = 0;
		};
		9828571E2DA0DF0F00770B45 /* Sources */ = {
			isa = PBXSourcesBuildPhase;
			buildActionMask = 2147483647;
			files = (
				982857272DA0DF0F00770B45 /* LifeTests.swift in Sources */,
			);
			runOnlyForDeploymentPostprocessing = 0;
		};
		982857282DA0DF0F00770B45 /* Sources */ = {
			isa = PBXSourcesBuildPhase;
			buildActionMask = 2147483647;
			files = (
				982857332DA0DF0F00770B45 /* LifeUITestsLaunchTests.swift in Sources */,
				982857312DA0DF0F00770B45 /* LifeUITests.swift in Sources */,
			);
			runOnlyForDeploymentPostprocessing = 0;
		};
/* End PBXSourcesBuildPhase section */

/* Begin PBXTargetDependency section */
		982857242DA0DF0F00770B45 /* PBXTargetDependency */ = {
			isa = PBXTargetDependency;
			target = 982857112DA0DF0E00770B45 /* Life */;
			targetProxy = 982857232DA0DF0F00770B45 /* PBXContainerItemProxy */;
		};
		9828572E2DA0DF0F00770B45 /* PBXTargetDependency */ = {
			isa = PBXTargetDependency;
			target = 982857112DA0DF0E00770B45 /* Life */;
			targetProxy = 9828572D2DA0DF0F00770B45 /* PBXContainerItemProxy */;
		};
/* End PBXTargetDependency section */

/* Begin XCBuildConfiguration section */
		982857342DA0DF0F00770B45 /* Debug */ = {
			isa = XCBuildConfiguration;
			buildSettings = {
				ALWAYS_SEARCH_USER_PATHS = NO;
				ASSETCATALOG_COMPILER_GENERATE_SWIFT_ASSET_SYMBOL_EXTENSIONS = YES;
				CLANG_ANALYZER_NONNULL = YES;
				CLANG_ANALYZER_NUMBER_OBJECT_CONVERSION = YES_AGGRESSIVE;
				CLANG_CXX_LANGUAGE_STANDARD = "gnu++20";
				CLANG_ENABLE_MODULES = YES;
				CLANG_ENABLE_OBJC_ARC = YES;
				CLANG_ENABLE_OBJC_WEAK = YES;
				CLANG_WARN_BLOCK_CAPTURE_AUTORELEASING = YES;
				CLANG_WARN_BOOL_CONVERSION = YES;
				CLANG_WARN_COMMA = YES;
				CLANG_WARN_CONSTANT_CONVERSION = YES;
				CLANG_WARN_DEPRECATED_OBJC_IMPLEMENTATIONS = YES;
				CLANG_WARN_DIRECT_OBJC_ISA_USAGE = YES_ERROR;
				CLANG_WARN_DOCUMENTATION_COMMENTS = YES;
				CLANG_WARN_EMPTY_BODY = YES;
				CLANG_WARN_ENUM_CONVERSION = YES;
				CLANG_WARN_INFINITE_RECURSION = YES;
				CLANG_WARN_INT_CONVERSION = YES;
				CLANG_WARN_NON_LITERAL_NULL_CONVERSION = YES;
				CLANG_WARN_OBJC_IMPLICIT_RETAIN_SELF = YES;
				CLANG_WARN_OBJC_LITERAL_CONVERSION = YES;
				CLANG_WARN_OBJC_ROOT_CLASS = YES_ERROR;
				CLANG_WARN_QUOTED_INCLUDE_IN_FRAMEWORK_HEADER = YES;
				CLANG_WARN_RANGE_LOOP_ANALYSIS = YES;
				CLANG_WARN_STRICT_PROTOTYPES = YES;
				CLANG_WARN_SUSPICIOUS_MOVE = YES;
				CLANG_WARN_UNGUARDED_AVAILABILITY = YES_AGGRESSIVE;
				CLANG_WARN_UNREACHABLE_CODE = YES;
				CLANG_WARN__DUPLICATE_METHOD_MATCH = YES;
				COPY_PHASE_STRIP = NO;
				DEBUG_INFORMATION_FORMAT = dwarf;
				ENABLE_STRICT_OBJC_MSGSEND = YES;
				ENABLE_TESTABILITY = YES;
				ENABLE_USER_SCRIPT_SANDBOXING = YES;
				GCC_C_LANGUAGE_STANDARD = gnu17;
				GCC_DYNAMIC_NO_PIC = NO;
				GCC_NO_COMMON_BLOCKS = YES;
				GCC_OPTIMIZATION_LEVEL = 0;
				GCC_PREPROCESSOR_DEFINITIONS = (
					"DEBUG=1",
					"$(inherited)",
				);
				GCC_WARN_64_TO_32_BIT_CONVERSION = YES;
				GCC_WARN_ABOUT_RETURN_TYPE = YES_ERROR;
				GCC_WARN_UNDECLARED_SELECTOR = YES;
				GCC_WARN_UNINITIALIZED_AUTOS = YES_AGGRESSIVE;
				GCC_WARN_UNUSED_FUNCTION = YES;
				GCC_WARN_UNUSED_VARIABLE = YES;
				IPHONEOS_DEPLOYMENT_TARGET = 17.5;
				LOCALIZATION_PREFERS_STRING_CATALOGS = YES;
				MTL_ENABLE_DEBUG_INFO = INCLUDE_SOURCE;
				MTL_FAST_MATH = YES;
				ONLY_ACTIVE_ARCH = YES;
				SDKROOT = iphoneos;
				SWIFT_ACTIVE_COMPILATION_CONDITIONS = "DEBUG $(inherited)";
				SWIFT_OPTIMIZATION_LEVEL = "-Onone";
			};
			name = Debug;
		};
		982857352DA0DF0F00770B45 /* Release */ = {
			isa = XCBuildConfiguration;
			buildSettings = {
				ALWAYS_SEARCH_USER_PATHS = NO;
				ASSETCATALOG_COMPILER_GENERATE_SWIFT_ASSET_SYMBOL_EXTENSIONS = YES;
				CLANG_ANALYZER_NONNULL = YES;
				CLANG_ANALYZER_NUMBER_OBJECT_CONVERSION = YES_AGGRESSIVE;
				CLANG_CXX_LANGUAGE_STANDARD = "gnu++20";
				CLANG_ENABLE_MODULES = YES;
				CLANG_ENABLE_OBJC_ARC = YES;
				CLANG_ENABLE_OBJC_WEAK = YES;
				CLANG_WARN_BLOCK_CAPTURE_AUTORELEASING = YES;
				CLANG_WARN_BOOL_CONVERSION = YES;
				CLANG_WARN_COMMA = YES;
				CLANG_WARN_CONSTANT_CONVERSION = YES;
				CLANG_WARN_DEPRECATED_OBJC_IMPLEMENTATIONS = YES;
				CLANG_WARN_DIRECT_OBJC_ISA_USAGE = YES_ERROR;
				CLANG_WARN_DOCUMENTATION_COMMENTS = YES;
				CLANG_WARN_EMPTY_BODY = YES;
				CLANG_WARN_ENUM_CONVERSION = YES;
				CLANG_WARN_INFINITE_RECURSION = YES;
				CLANG_WARN_INT_CONVERSION = YES;
				CLANG_WARN_NON_LITERAL_NULL_CONVERSION = YES;
				CLANG_WARN_OBJC_IMPLICIT_RETAIN_SELF = YES;
				CLANG_WARN_OBJC_LITERAL_CONVERSION = YES;
				CLANG_WARN_OBJC_ROOT_CLASS = YES_ERROR;
				CLANG_WARN_QUOTED_INCLUDE_IN_FRAMEWORK_HEADER = YES;
				CLANG_WARN_RANGE_LOOP_ANALYSIS = YES;
				CLANG_WARN_STRICT_PROTOTYPES = YES;
				CLANG_WARN_SUSPICIOUS_MOVE = YES;
				CLANG_WARN_UNGUARDED_AVAILABILITY = YES_AGGRESSIVE;
				CLANG_WARN_UNREACHABLE_CODE = YES;
				CLANG_WARN__DUPLICATE_METHOD_MATCH = YES;
				COPY_PHASE_STRIP = NO;
				DEBUG_INFORMATION_FORMAT = "dwarf-with-dsym";
				ENABLE_NS_ASSERTIONS = NO;
				ENABLE_STRICT_OBJC_MSGSEND = YES;
				ENABLE_USER_SCRIPT_SANDBOXING = YES;
				GCC_C_LANGUAGE_STANDARD = gnu17;
				GCC_NO_COMMON_BLOCKS = YES;
				GCC_WARN_64_TO_32_BIT_CONVERSION = YES;
				GCC_WARN_ABOUT_RETURN_TYPE = YES_ERROR;
				GCC_WARN_UNDECLARED_SELECTOR = YES;
				GCC_WARN_UNINITIALIZED_AUTOS = YES_AGGRESSIVE;
				GCC_WARN_UNUSED_FUNCTION = YES;
				GCC_WARN_UNUSED_VARIABLE = YES;
				IPHONEOS_DEPLOYMENT_TARGET = 17.5;
				LOCALIZATION_PREFERS_STRING_CATALOGS = YES;
				MTL_ENABLE_DEBUG_INFO = NO;
				MTL_FAST_MATH = YES;
				SDKROOT = iphoneos;
				SWIFT_COMPILATION_MODE = wholemodule;
				VALIDATE_PRODUCT = YES;
			};
			name = Release;
		};
		982857372DA0DF0F00770B45 /* Debug */ = {
			isa = XCBuildConfiguration;
			buildSettings = {
				ASSETCATALOG_COMPILER_APPICON_NAME = AppIcon;
				ASSETCATALOG_COMPILER_GLOBAL_ACCENT_COLOR_NAME = AccentColor;
				CODE_SIGN_STYLE = Automatic;
				CURRENT_PROJECT_VERSION = 1;
				DEVELOPMENT_ASSET_PATHS = "\"Life/Preview Content\"";
				DEVELOPMENT_TEAM = N76S683655;
				ENABLE_PREVIEWS = YES;
				GENERATE_INFOPLIST_FILE = YES;
				INFOPLIST_KEY_UIApplicationSceneManifest_Generation = YES;
				INFOPLIST_KEY_UIApplicationSupportsIndirectInputEvents = YES;
				INFOPLIST_KEY_UILaunchScreen_Generation = YES;
				INFOPLIST_KEY_UISupportedInterfaceOrientations_iPad = "UIInterfaceOrientationPortrait UIInterfaceOrientationPortraitUpsideDown UIInterfaceOrientationLandscapeLeft UIInterfaceOrientationLandscapeRight";
				INFOPLIST_KEY_UISupportedInterfaceOrientations_iPhone = "UIInterfaceOrientationPortrait UIInterfaceOrientationLandscapeLeft UIInterfaceOrientationLandscapeRight";
				LD_RUNPATH_SEARCH_PATHS = (
					"$(inherited)",
					"@executable_path/Frameworks",
				);
				MARKETING_VERSION = 1.0;
				PRODUCT_BUNDLE_IDENTIFIER = com.dmichaels.prufrock.Life;
				PRODUCT_NAME = "$(TARGET_NAME)";
				SWIFT_EMIT_LOC_STRINGS = YES;
				SWIFT_VERSION = 5.0;
				TARGETED_DEVICE_FAMILY = "1,2";
			};
			name = Debug;
		};
		982857382DA0DF0F00770B45 /* Release */ = {
			isa = XCBuildConfiguration;
			buildSettings = {
				ASSETCATALOG_COMPILER_APPICON_NAME = AppIcon;
				ASSETCATALOG_COMPILER_GLOBAL_ACCENT_COLOR_NAME = AccentColor;
				CODE_SIGN_STYLE = Automatic;
				CURRENT_PROJECT_VERSION = 1;
				DEVELOPMENT_ASSET_PATHS = "\"Life/Preview Content\"";
				DEVELOPMENT_TEAM = N76S683655;
				ENABLE_PREVIEWS = YES;
				GENERATE_INFOPLIST_FILE = YES;
				INFOPLIST_KEY_UIApplicationSceneManifest_Generation = YES;
				INFOPLIST_KEY_UIApplicationSupportsIndirectInputEvents = YES;
				INFOPLIST_KEY_UILaunchScreen_Generation = YES;
				INFOPLIST_KEY_UISupportedInterfaceOrientations_iPad = "UIInterfaceOrientationPortrait UIInterfaceOrientationPortraitUpsideDown UIInterfaceOrientationLandscapeLeft UIInterfaceOrientationLandscapeRight";
				INFOPLIST_KEY_UISupportedInterfaceOrientations_iPhone = "UIInterfaceOrientationPortrait UIInterfaceOrientationLandscapeLeft UIInterfaceOrientationLandscapeRight";
				LD_RUNPATH_SEARCH_PATHS = (
					"$(inherited)",
					"@executable_path/Frameworks",
				);
				MARKETING_VERSION = 1.0;
				PRODUCT_BUNDLE_IDENTIFIER = com.dmichaels.prufrock.Life;
				PRODUCT_NAME = "$(TARGET_NAME)";
				SWIFT_EMIT_LOC_STRINGS = YES;
				SWIFT_VERSION = 5.0;
				TARGETED_DEVICE_FAMILY = "1,2";
			};
			name = Release;
		};
		9828573A2DA0DF0F00770B45 /* Debug */ = {
			isa = XCBuildConfiguration;
			buildSettings = {
				ALWAYS_EMBED_SWIFT_STANDARD_LIBRARIES = YES;
				BUNDLE_LOADER = "$(TEST_HOST)";
				CODE_SIGN_STYLE = Automatic;
				CURRENT_PROJECT_VERSION = 1;
				DEVELOPMENT_TEAM = N76S683655;
				GENERATE_INFOPLIST_FILE = YES;
				IPHONEOS_DEPLOYMENT_TARGET = 17.5;
				MARKETING_VERSION = 1.0;
				PRODUCT_BUNDLE_IDENTIFIER = com.dmichaels.prufrock.LifeTests;
				PRODUCT_NAME = "$(TARGET_NAME)";
				SWIFT_EMIT_LOC_STRINGS = NO;
				SWIFT_VERSION = 5.0;
				TARGETED_DEVICE_FAMILY = "1,2";
				TEST_HOST = "$(BUILT_PRODUCTS_DIR)/Life.app/$(BUNDLE_EXECUTABLE_FOLDER_PATH)/Life";
			};
			name = Debug;
		};
		9828573B2DA0DF0F00770B45 /* Release */ = {
			isa = XCBuildConfiguration;
			buildSettings = {
				ALWAYS_EMBED_SWIFT_STANDARD_LIBRARIES = YES;
				BUNDLE_LOADER = "$(TEST_HOST)";
				CODE_SIGN_STYLE = Automatic;
				CURRENT_PROJECT_VERSION = 1;
				DEVELOPMENT_TEAM = N76S683655;
				GENERATE_INFOPLIST_FILE = YES;
				IPHONEOS_DEPLOYMENT_TARGET = 17.5;
				MARKETING_VERSION = 1.0;
				PRODUCT_BUNDLE_IDENTIFIER = com.dmichaels.prufrock.LifeTests;
				PRODUCT_NAME = "$(TARGET_NAME)";
				SWIFT_EMIT_LOC_STRINGS = NO;
				SWIFT_VERSION = 5.0;
				TARGETED_DEVICE_FAMILY = "1,2";
				TEST_HOST = "$(BUILT_PRODUCTS_DIR)/Life.app/$(BUNDLE_EXECUTABLE_FOLDER_PATH)/Life";
			};
			name = Release;
		};
		9828573D2DA0DF0F00770B45 /* Debug */ = {
			isa = XCBuildConfiguration;
			buildSettings = {
				ALWAYS_EMBED_SWIFT_STANDARD_LIBRARIES = YES;
				CODE_SIGN_STYLE = Automatic;
				CURRENT_PROJECT_VERSION = 1;
				DEVELOPMENT_TEAM = N76S683655;
				GENERATE_INFOPLIST_FILE = YES;
				MARKETING_VERSION = 1.0;
				PRODUCT_BUNDLE_IDENTIFIER = com.dmichaels.prufrock.LifeUITests;
				PRODUCT_NAME = "$(TARGET_NAME)";
				SWIFT_EMIT_LOC_STRINGS = NO;
				SWIFT_VERSION = 5.0;
				TARGETED_DEVICE_FAMILY = "1,2";
				TEST_TARGET_NAME = Life;
			};
			name = Debug;
		};
		9828573E2DA0DF0F00770B45 /* Release */ = {
			isa = XCBuildConfiguration;
			buildSettings = {
				ALWAYS_EMBED_SWIFT_STANDARD_LIBRARIES = YES;
				CODE_SIGN_STYLE = Automatic;
				CURRENT_PROJECT_VERSION = 1;
				DEVELOPMENT_TEAM = N76S683655;
				GENERATE_INFOPLIST_FILE = YES;
				MARKETING_VERSION = 1.0;
				PRODUCT_BUNDLE_IDENTIFIER = com.dmichaels.prufrock.LifeUITests;
				PRODUCT_NAME = "$(TARGET_NAME)";
				SWIFT_EMIT_LOC_STRINGS = NO;
				SWIFT_VERSION = 5.0;
				TARGETED_DEVICE_FAMILY = "1,2";
				TEST_TARGET_NAME = Life;
			};
			name = Release;
		};
/* End XCBuildConfiguration section */

/* Begin XCConfigurationList section */
		9828570D2DA0DF0E00770B45 /* Build configuration list for PBXProject "Life" */ = {
			isa = XCConfigurationList;
			buildConfigurations = (
				982857342DA0DF0F00770B45 /* Debug */,
				982857352DA0DF0F00770B45 /* Release */,
			);
			defaultConfigurationIsVisible = 0;
			defaultConfigurationName = Release;
		};
		982857362DA0DF0F00770B45 /* Build configuration list for PBXNativeTarget "Life" */ = {
			isa = XCConfigurationList;
			buildConfigurations = (
				982857372DA0DF0F00770B45 /* Debug */,
				982857382DA0DF0F00770B45 /* Release */,
			);
			defaultConfigurationIsVisible = 0;
			defaultConfigurationName = Release;
		};
		982857392DA0DF0F00770B45 /* Build configuration list for PBXNativeTarget "LifeTests" */ = {
			isa = XCConfigurationList;
			buildConfigurations = (
				9828573A2DA0DF0F00770B45 /* Debug */,
				9828573B2DA0DF0F00770B45 /* Release */,
			);
			defaultConfigurationIsVisible = 0;
			defaultConfigurationName = Release;
		};
		9828573C2DA0DF0F00770B45 /* Build configuration list for PBXNativeTarget "LifeUITests" */ = {
			isa = XCConfigurationList;
			buildConfigurations = (
				9828573D2DA0DF0F00770B45 /* Debug */,
				9828573E2DA0DF0F00770B45 /* Release */,
			);
			defaultConfigurationIsVisible = 0;
			defaultConfigurationName = Release;
		};
/* End XCConfigurationList section */
	};
	rootObject = 9828570A2DA0DF0E00770B45 /* Project object */;
}
